// !$*UTF8*$!
{
	archiveVersion = 1;
	classes = {
	};
	objectVersion = 46;
	objects = {

/* Begin PBXBuildFile section */
		587E0E83164C40FC0000229A /* UIKit.framework in Frameworks */ = {isa = PBXBuildFile; fileRef = 587E0E82164C40FC0000229A /* UIKit.framework */; };
		587E0E85164C40FC0000229A /* Foundation.framework in Frameworks */ = {isa = PBXBuildFile; fileRef = 587E0E84164C40FC0000229A /* Foundation.framework */; };
		587E0E87164C40FC0000229A /* CoreGraphics.framework in Frameworks */ = {isa = PBXBuildFile; fileRef = 587E0E86164C40FC0000229A /* CoreGraphics.framework */; };
		587E0E8D164C40FC0000229A /* InfoPlist.strings in Resources */ = {isa = PBXBuildFile; fileRef = 587E0E8B164C40FC0000229A /* InfoPlist.strings */; };
		587E0E8F164C40FC0000229A /* main.m in Sources */ = {isa = PBXBuildFile; fileRef = 587E0E8E164C40FC0000229A /* main.m */; };
		587E0E93164C40FC0000229A /* AppDelegate.m in Sources */ = {isa = PBXBuildFile; fileRef = 587E0E92164C40FC0000229A /* AppDelegate.m */; };
		587E0EC6164C52AE0000229A /* SVGDocumentView.m in Sources */ = {isa = PBXBuildFile; fileRef = 587E0EC1164C52AE0000229A /* SVGDocumentView.m */; settings = {COMPILER_FLAGS = "-fno-objc-arc"; }; };
		587E0EC7164C52AE0000229A /* SVGPathView.m in Sources */ = {isa = PBXBuildFile; fileRef = 587E0EC3164C52AE0000229A /* SVGPathView.m */; settings = {COMPILER_FLAGS = "-fno-objc-arc"; }; };
		587E0EC8164C52AE0000229A /* SVGView.m in Sources */ = {isa = PBXBuildFile; fileRef = 587E0EC5164C52AE0000229A /* SVGView.m */; settings = {COMPILER_FLAGS = "-fno-objc-arc"; }; };
		587E0F0C164C52BE0000229A /* SVGGradientElement.m in Sources */ = {isa = PBXBuildFile; fileRef = 587E0F02164C52BE0000229A /* SVGGradientElement.m */; settings = {COMPILER_FLAGS = "-fno-objc-arc"; }; };
		587E0F0D164C52BE0000229A /* SVGGradientStop.m in Sources */ = {isa = PBXBuildFile; fileRef = 587E0F04164C52BE0000229A /* SVGGradientStop.m */; settings = {COMPILER_FLAGS = "-fno-objc-arc"; }; };
		587E0F0E164C52BE0000229A /* SVGStyleElement.m in Sources */ = {isa = PBXBuildFile; fileRef = 587E0F07164C52BE0000229A /* SVGStyleElement.m */; settings = {COMPILER_FLAGS = "-fno-objc-arc"; }; };
		587E0F0F164C52BE0000229A /* SVGParserGradient.m in Sources */ = {isa = PBXBuildFile; fileRef = 587E0F09164C52BE0000229A /* SVGParserGradient.m */; settings = {COMPILER_FLAGS = "-fno-objc-arc"; }; };
		587E0F10164C52BE0000229A /* SVGParserStyles.m in Sources */ = {isa = PBXBuildFile; fileRef = 587E0F0B164C52BE0000229A /* SVGParserStyles.m */; settings = {COMPILER_FLAGS = "-fno-objc-arc"; }; };
		587E0F11164C52BE0000229A /* CALayerWithChildHitTest.m in Sources */ = {isa = PBXBuildFile; fileRef = 587E0ECD164C52BE0000229A /* CALayerWithChildHitTest.m */; settings = {COMPILER_FLAGS = "-fno-objc-arc"; }; };
		587E0F12164C52BE0000229A /* CAShapeLayerWithHitTest.m in Sources */ = {isa = PBXBuildFile; fileRef = 587E0ECF164C52BE0000229A /* CAShapeLayerWithHitTest.m */; settings = {COMPILER_FLAGS = "-fno-objc-arc"; }; };
		587E0F13164C52BE0000229A /* SVGPointsAndPathsParser.m in Sources */ = {isa = PBXBuildFile; fileRef = 587E0ED0164C52BE0000229A /* SVGPointsAndPathsParser.m */; settings = {COMPILER_FLAGS = "-fno-objc-arc"; }; };
		587E0F14164C52BE0000229A /* SVGTextElement.m in Sources */ = {isa = PBXBuildFile; fileRef = 587E0ED2164C52BE0000229A /* SVGTextElement.m */; settings = {COMPILER_FLAGS = "-fno-objc-arc"; }; };
		587E0F15164C52BE0000229A /* SVGImageElement.m in Sources */ = {isa = PBXBuildFile; fileRef = 587E0ED6164C52BE0000229A /* SVGImageElement.m */; settings = {COMPILER_FLAGS = "-fno-objc-arc"; }; };
		587E0F16164C52BE0000229A /* SVGUtils.m in Sources */ = {isa = PBXBuildFile; fileRef = 587E0ED8164C52BE0000229A /* SVGUtils.m */; settings = {COMPILER_FLAGS = "-fno-objc-arc"; }; };
		587E0F17164C52BE0000229A /* SVGTitleElement.m in Sources */ = {isa = PBXBuildFile; fileRef = 587E0ED9164C52BE0000229A /* SVGTitleElement.m */; settings = {COMPILER_FLAGS = "-fno-objc-arc"; }; };
		587E0F18164C52BE0000229A /* SVGShapeElement.m in Sources */ = {isa = PBXBuildFile; fileRef = 587E0EDC164C52BE0000229A /* SVGShapeElement.m */; settings = {COMPILER_FLAGS = "-fno-objc-arc"; }; };
		587E0F19164C52BE0000229A /* SVGRectElement.m in Sources */ = {isa = PBXBuildFile; fileRef = 587E0EDE164C52BE0000229A /* SVGRectElement.m */; settings = {COMPILER_FLAGS = "-fno-objc-arc"; }; };
		587E0F1A164C52BE0000229A /* SVGPolylineElement.m in Sources */ = {isa = PBXBuildFile; fileRef = 587E0EE0164C52BE0000229A /* SVGPolylineElement.m */; settings = {COMPILER_FLAGS = "-fno-objc-arc"; }; };
		587E0F1B164C52BE0000229A /* SVGPolygonElement.m in Sources */ = {isa = PBXBuildFile; fileRef = 587E0EE2164C52BE0000229A /* SVGPolygonElement.m */; settings = {COMPILER_FLAGS = "-fno-objc-arc"; }; };
		587E0F1C164C52BE0000229A /* SVGPattern.m in Sources */ = {isa = PBXBuildFile; fileRef = 587E0EE4164C52BE0000229A /* SVGPattern.m */; settings = {COMPILER_FLAGS = "-fno-objc-arc"; }; };
		587E0F1D164C52BE0000229A /* SVGPathElement.m in Sources */ = {isa = PBXBuildFile; fileRef = 587E0EE5164C52BE0000229A /* SVGPathElement.m */; settings = {COMPILER_FLAGS = "-fno-objc-arc"; }; };
		587E0F1E164C52BE0000229A /* SVGParserSVG.m in Sources */ = {isa = PBXBuildFile; fileRef = 587E0EE7164C52BE0000229A /* SVGParserSVG.m */; settings = {COMPILER_FLAGS = "-fno-objc-arc"; }; };
		587E0F1F164C52BE0000229A /* SVGParser.m in Sources */ = {isa = PBXBuildFile; fileRef = 587E0EE9164C52BE0000229A /* SVGParser.m */; settings = {COMPILER_FLAGS = "-fno-objc-arc"; }; };
		587E0F20164C52BE0000229A /* SVGLineElement.m in Sources */ = {isa = PBXBuildFile; fileRef = 587E0EEB164C52BE0000229A /* SVGLineElement.m */; settings = {COMPILER_FLAGS = "-fno-objc-arc"; }; };
		587E0F21164C52BE0000229A /* SVGGroupElement.m in Sources */ = {isa = PBXBuildFile; fileRef = 587E0EEF164C52BE0000229A /* SVGGroupElement.m */; settings = {COMPILER_FLAGS = "-fno-objc-arc"; }; };
		587E0F22164C52BE0000229A /* SVGEllipseElement.m in Sources */ = {isa = PBXBuildFile; fileRef = 587E0EF1164C52BE0000229A /* SVGEllipseElement.m */; settings = {COMPILER_FLAGS = "-fno-objc-arc"; }; };
		587E0F23164C52BE0000229A /* SVGElement.m in Sources */ = {isa = PBXBuildFile; fileRef = 587E0EF5164C52BE0000229A /* SVGElement.m */; settings = {COMPILER_FLAGS = "-fno-objc-arc"; }; };
		587E0F24164C52BE0000229A /* SVGDocument+CA.m in Sources */ = {isa = PBXBuildFile; fileRef = 587E0EF6164C52BE0000229A /* SVGDocument+CA.m */; settings = {COMPILER_FLAGS = "-fno-objc-arc"; }; };
		587E0F25164C52BE0000229A /* SVGDocument.m in Sources */ = {isa = PBXBuildFile; fileRef = 587E0EF8164C52BE0000229A /* SVGDocument.m */; settings = {COMPILER_FLAGS = "-fno-objc-arc"; }; };
		587E0F26164C52BE0000229A /* SVGDescriptionElement.m in Sources */ = {isa = PBXBuildFile; fileRef = 587E0EFA164C52BE0000229A /* SVGDescriptionElement.m */; settings = {COMPILER_FLAGS = "-fno-objc-arc"; }; };
		587E0F27164C52BE0000229A /* SVGDefsElement.m in Sources */ = {isa = PBXBuildFile; fileRef = 587E0EFC164C52BE0000229A /* SVGDefsElement.m */; settings = {COMPILER_FLAGS = "-fno-objc-arc"; }; };
		587E0F28164C52BE0000229A /* SVGCircleElement.m in Sources */ = {isa = PBXBuildFile; fileRef = 587E0EFE164C52BE0000229A /* SVGCircleElement.m */; settings = {COMPILER_FLAGS = "-fno-objc-arc"; }; };
		587E0F29164C52BE0000229A /* CGPathAdditions.m in Sources */ = {isa = PBXBuildFile; fileRef = 587E0F00164C52BE0000229A /* CGPathAdditions.m */; settings = {COMPILER_FLAGS = "-fno-objc-arc"; }; };
		587E0F2B164C54250000229A /* QuartzCore.framework in Frameworks */ = {isa = PBXBuildFile; fileRef = 587E0F2A164C54250000229A /* QuartzCore.framework */; };
		587E0F2D164C54420000229A /* libxml2.dylib in Frameworks */ = {isa = PBXBuildFile; fileRef = 587E0F2C164C54420000229A /* libxml2.dylib */; };
		587E0F3D164C5AEF0000229A /* CALayerCamera.m in Sources */ = {isa = PBXBuildFile; fileRef = 587E0F37164C5AEF0000229A /* CALayerCamera.m */; settings = {COMPILER_FLAGS = "-fno-objc-arc"; }; };
		587E0F3E164C5AEF0000229A /* CALayerFilm.m in Sources */ = {isa = PBXBuildFile; fileRef = 587E0F39164C5AEF0000229A /* CALayerFilm.m */; settings = {COMPILER_FLAGS = "-fno-objc-arc"; }; };
		587E0F3F164C5AEF0000229A /* CALayerExporter.m in Sources */ = {isa = PBXBuildFile; fileRef = 587E0F3C164C5AEF0000229A /* CALayerExporter.m */; settings = {COMPILER_FLAGS = "-fno-objc-arc"; }; };
		587E0F43164C5C350000229A /* ViewController.xib in Resources */ = {isa = PBXBuildFile; fileRef = 587E0F42164C5C350000229A /* ViewController.xib */; };
		587E0F44164C5C8A0000229A /* ViewController.m in Sources */ = {isa = PBXBuildFile; fileRef = 587E0F41164C5BFA0000229A /* ViewController.m */; };
		588F690E164DA516001D6FEC /* pg1.svg in Resources */ = {isa = PBXBuildFile; fileRef = 588F68FB164DA516001D6FEC /* pg1.svg */; };
		588F690F164DA516001D6FEC /* pg2.svg in Resources */ = {isa = PBXBuildFile; fileRef = 588F68FC164DA516001D6FEC /* pg2.svg */; };
		588F6910164DA516001D6FEC /* pg3.svg in Resources */ = {isa = PBXBuildFile; fileRef = 588F68FD164DA516001D6FEC /* pg3.svg */; };
		588F6911164DA516001D6FEC /* pg4.svg in Resources */ = {isa = PBXBuildFile; fileRef = 588F68FE164DA516001D6FEC /* pg4.svg */; };
		588F6912164DA516001D6FEC /* pg4a.svg in Resources */ = {isa = PBXBuildFile; fileRef = 588F68FF164DA516001D6FEC /* pg4a.svg */; };
		588F6913164DA516001D6FEC /* pg5.svg in Resources */ = {isa = PBXBuildFile; fileRef = 588F6900164DA516001D6FEC /* pg5.svg */; };
		588F6914164DA516001D6FEC /* pg5a.svg in Resources */ = {isa = PBXBuildFile; fileRef = 588F6901164DA516001D6FEC /* pg5a.svg */; };
		588F6915164DA516001D6FEC /* pg6.svg in Resources */ = {isa = PBXBuildFile; fileRef = 588F6902164DA516001D6FEC /* pg6.svg */; };
		588F6916164DA516001D6FEC /* pg7.svg in Resources */ = {isa = PBXBuildFile; fileRef = 588F6903164DA516001D6FEC /* pg7.svg */; };
		588F6917164DA516001D6FEC /* pg8.svg in Resources */ = {isa = PBXBuildFile; fileRef = 588F6904164DA516001D6FEC /* pg8.svg */; };
		588F6918164DA516001D6FEC /* pg9.svg in Resources */ = {isa = PBXBuildFile; fileRef = 588F6905164DA516001D6FEC /* pg9.svg */; };
		588F6919164DA516001D6FEC /* pg10.svg in Resources */ = {isa = PBXBuildFile; fileRef = 588F6906164DA516001D6FEC /* pg10.svg */; };
		588F691A164DA516001D6FEC /* pg11.svg in Resources */ = {isa = PBXBuildFile; fileRef = 588F6907164DA516001D6FEC /* pg11.svg */; };
		588F691B164DA516001D6FEC /* pg11a.svg in Resources */ = {isa = PBXBuildFile; fileRef = 588F6908164DA516001D6FEC /* pg11a.svg */; };
		588F691C164DA516001D6FEC /* pg12.svg in Resources */ = {isa = PBXBuildFile; fileRef = 588F6909164DA516001D6FEC /* pg12.svg */; };
		588F691D164DA516001D6FEC /* pg13.svg in Resources */ = {isa = PBXBuildFile; fileRef = 588F690A164DA516001D6FEC /* pg13.svg */; };
		588F691E164DA516001D6FEC /* pg14.svg in Resources */ = {isa = PBXBuildFile; fileRef = 588F690B164DA516001D6FEC /* pg14.svg */; };
		588F691F164DA516001D6FEC /* pg14a.svg in Resources */ = {isa = PBXBuildFile; fileRef = 588F690C164DA516001D6FEC /* pg14a.svg */; };
		588F6920164DA516001D6FEC /* pg15.svg in Resources */ = {isa = PBXBuildFile; fileRef = 588F690D164DA516001D6FEC /* pg15.svg */; };
		58AE6248164C85BD001CBB42 /* ResourceList.plist in Resources */ = {isa = PBXBuildFile; fileRef = 58AE6247164C85BD001CBB42 /* ResourceList.plist */; };
/* End PBXBuildFile section */

/* Begin PBXFileReference section */
		587E0E7E164C40FC0000229A /* BigShotsGetShots.app */ = {isa = PBXFileReference; explicitFileType = wrapper.application; includeInIndex = 0; path = BigShotsGetShots.app; sourceTree = BUILT_PRODUCTS_DIR; };
		587E0E82164C40FC0000229A /* UIKit.framework */ = {isa = PBXFileReference; lastKnownFileType = wrapper.framework; name = UIKit.framework; path = System/Library/Frameworks/UIKit.framework; sourceTree = SDKROOT; };
		587E0E84164C40FC0000229A /* Foundation.framework */ = {isa = PBXFileReference; lastKnownFileType = wrapper.framework; name = Foundation.framework; path = System/Library/Frameworks/Foundation.framework; sourceTree = SDKROOT; };
		587E0E86164C40FC0000229A /* CoreGraphics.framework */ = {isa = PBXFileReference; lastKnownFileType = wrapper.framework; name = CoreGraphics.framework; path = System/Library/Frameworks/CoreGraphics.framework; sourceTree = SDKROOT; };
		587E0E8A164C40FC0000229A /* BigShotsGetShots-Info.plist */ = {isa = PBXFileReference; lastKnownFileType = text.plist.xml; path = "BigShotsGetShots-Info.plist"; sourceTree = "<group>"; };
		587E0E8C164C40FC0000229A /* en */ = {isa = PBXFileReference; lastKnownFileType = text.plist.strings; name = en; path = en.lproj/InfoPlist.strings; sourceTree = "<group>"; };
		587E0E8E164C40FC0000229A /* main.m */ = {isa = PBXFileReference; lastKnownFileType = sourcecode.c.objc; path = main.m; sourceTree = "<group>"; };
		587E0E90164C40FC0000229A /* BigShotsGetShots-Prefix.pch */ = {isa = PBXFileReference; lastKnownFileType = sourcecode.c.h; path = "BigShotsGetShots-Prefix.pch"; sourceTree = "<group>"; };
		587E0E91164C40FC0000229A /* AppDelegate.h */ = {isa = PBXFileReference; lastKnownFileType = sourcecode.c.h; path = AppDelegate.h; sourceTree = "<group>"; };
		587E0E92164C40FC0000229A /* AppDelegate.m */ = {isa = PBXFileReference; lastKnownFileType = sourcecode.c.objc; path = AppDelegate.m; sourceTree = "<group>"; };
		587E0EC0164C52AE0000229A /* SVGDocumentView.h */ = {isa = PBXFileReference; fileEncoding = 4; lastKnownFileType = sourcecode.c.h; path = SVGDocumentView.h; sourceTree = "<group>"; };
		587E0EC1164C52AE0000229A /* SVGDocumentView.m */ = {isa = PBXFileReference; fileEncoding = 4; lastKnownFileType = sourcecode.c.objc; path = SVGDocumentView.m; sourceTree = "<group>"; };
		587E0EC2164C52AE0000229A /* SVGPathView.h */ = {isa = PBXFileReference; fileEncoding = 4; lastKnownFileType = sourcecode.c.h; path = SVGPathView.h; sourceTree = "<group>"; };
		587E0EC3164C52AE0000229A /* SVGPathView.m */ = {isa = PBXFileReference; fileEncoding = 4; lastKnownFileType = sourcecode.c.objc; path = SVGPathView.m; sourceTree = "<group>"; };
		587E0EC4164C52AE0000229A /* SVGView.h */ = {isa = PBXFileReference; fileEncoding = 4; lastKnownFileType = sourcecode.c.h; path = SVGView.h; sourceTree = "<group>"; };
		587E0EC5164C52AE0000229A /* SVGView.m */ = {isa = PBXFileReference; fileEncoding = 4; lastKnownFileType = sourcecode.c.objc; path = SVGView.m; sourceTree = "<group>"; };
		587E0ECC164C52BE0000229A /* CALayerWithChildHitTest.h */ = {isa = PBXFileReference; fileEncoding = 4; lastKnownFileType = sourcecode.c.h; name = CALayerWithChildHitTest.h; path = ../iOS/CALayerWithChildHitTest.h; sourceTree = "<group>"; };
		587E0ECD164C52BE0000229A /* CALayerWithChildHitTest.m */ = {isa = PBXFileReference; fileEncoding = 4; lastKnownFileType = sourcecode.c.objc; name = CALayerWithChildHitTest.m; path = ../iOS/CALayerWithChildHitTest.m; sourceTree = "<group>"; };
		587E0ECE164C52BE0000229A /* CAShapeLayerWithHitTest.h */ = {isa = PBXFileReference; fileEncoding = 4; lastKnownFileType = sourcecode.c.h; name = CAShapeLayerWithHitTest.h; path = ../iOS/CAShapeLayerWithHitTest.h; sourceTree = "<group>"; };
		587E0ECF164C52BE0000229A /* CAShapeLayerWithHitTest.m */ = {isa = PBXFileReference; fileEncoding = 4; lastKnownFileType = sourcecode.c.objc; name = CAShapeLayerWithHitTest.m; path = ../iOS/CAShapeLayerWithHitTest.m; sourceTree = "<group>"; };
		587E0ED0164C52BE0000229A /* SVGPointsAndPathsParser.m */ = {isa = PBXFileReference; fileEncoding = 4; lastKnownFileType = sourcecode.c.objc; path = SVGPointsAndPathsParser.m; sourceTree = "<group>"; };
		587E0ED1164C52BE0000229A /* SVGPointsAndPathsParser.h */ = {isa = PBXFileReference; fileEncoding = 4; lastKnownFileType = sourcecode.c.h; path = SVGPointsAndPathsParser.h; sourceTree = "<group>"; };
		587E0ED2164C52BE0000229A /* SVGTextElement.m */ = {isa = PBXFileReference; fileEncoding = 4; lastKnownFileType = sourcecode.c.objc; path = SVGTextElement.m; sourceTree = "<group>"; };
		587E0ED3164C52BE0000229A /* SVGTextElement.h */ = {isa = PBXFileReference; fileEncoding = 4; lastKnownFileType = sourcecode.c.h; path = SVGTextElement.h; sourceTree = "<group>"; };
		587E0ED4164C52BE0000229A /* SVGPattern.h */ = {isa = PBXFileReference; fileEncoding = 4; lastKnownFileType = sourcecode.c.h; path = SVGPattern.h; sourceTree = "<group>"; };
		587E0ED5164C52BE0000229A /* SVGUtils.h */ = {isa = PBXFileReference; fileEncoding = 4; lastKnownFileType = sourcecode.c.h; path = SVGUtils.h; sourceTree = "<group>"; };
		587E0ED6164C52BE0000229A /* SVGImageElement.m */ = {isa = PBXFileReference; fileEncoding = 4; lastKnownFileType = sourcecode.c.objc; path = SVGImageElement.m; sourceTree = "<group>"; };
		587E0ED7164C52BE0000229A /* CGPathAdditions.h */ = {isa = PBXFileReference; fileEncoding = 4; lastKnownFileType = sourcecode.c.h; path = CGPathAdditions.h; sourceTree = "<group>"; };
		587E0ED8164C52BE0000229A /* SVGUtils.m */ = {isa = PBXFileReference; fileEncoding = 4; lastKnownFileType = sourcecode.c.objc; path = SVGUtils.m; sourceTree = "<group>"; };
		587E0ED9164C52BE0000229A /* SVGTitleElement.m */ = {isa = PBXFileReference; fileEncoding = 4; lastKnownFileType = sourcecode.c.objc; path = SVGTitleElement.m; sourceTree = "<group>"; };
		587E0EDA164C52BE0000229A /* SVGTitleElement.h */ = {isa = PBXFileReference; fileEncoding = 4; lastKnownFileType = sourcecode.c.h; path = SVGTitleElement.h; sourceTree = "<group>"; };
		587E0EDB164C52BE0000229A /* SVGShapeElement+Private.h */ = {isa = PBXFileReference; fileEncoding = 4; lastKnownFileType = sourcecode.c.h; path = "SVGShapeElement+Private.h"; sourceTree = "<group>"; };
		587E0EDC164C52BE0000229A /* SVGShapeElement.m */ = {isa = PBXFileReference; fileEncoding = 4; lastKnownFileType = sourcecode.c.objc; path = SVGShapeElement.m; sourceTree = "<group>"; };
		587E0EDD164C52BE0000229A /* SVGShapeElement.h */ = {isa = PBXFileReference; fileEncoding = 4; lastKnownFileType = sourcecode.c.h; path = SVGShapeElement.h; sourceTree = "<group>"; };
		587E0EDE164C52BE0000229A /* SVGRectElement.m */ = {isa = PBXFileReference; fileEncoding = 4; lastKnownFileType = sourcecode.c.objc; path = SVGRectElement.m; sourceTree = "<group>"; };
		587E0EDF164C52BE0000229A /* SVGRectElement.h */ = {isa = PBXFileReference; fileEncoding = 4; lastKnownFileType = sourcecode.c.h; path = SVGRectElement.h; sourceTree = "<group>"; };
		587E0EE0164C52BE0000229A /* SVGPolylineElement.m */ = {isa = PBXFileReference; fileEncoding = 4; lastKnownFileType = sourcecode.c.objc; path = SVGPolylineElement.m; sourceTree = "<group>"; };
		587E0EE1164C52BE0000229A /* SVGPolylineElement.h */ = {isa = PBXFileReference; fileEncoding = 4; lastKnownFileType = sourcecode.c.h; path = SVGPolylineElement.h; sourceTree = "<group>"; };
		587E0EE2164C52BE0000229A /* SVGPolygonElement.m */ = {isa = PBXFileReference; fileEncoding = 4; lastKnownFileType = sourcecode.c.objc; path = SVGPolygonElement.m; sourceTree = "<group>"; };
		587E0EE3164C52BE0000229A /* SVGPolygonElement.h */ = {isa = PBXFileReference; fileEncoding = 4; lastKnownFileType = sourcecode.c.h; path = SVGPolygonElement.h; sourceTree = "<group>"; };
		587E0EE4164C52BE0000229A /* SVGPattern.m */ = {isa = PBXFileReference; fileEncoding = 4; lastKnownFileType = sourcecode.c.objc; path = SVGPattern.m; sourceTree = "<group>"; };
		587E0EE5164C52BE0000229A /* SVGPathElement.m */ = {isa = PBXFileReference; fileEncoding = 4; lastKnownFileType = sourcecode.c.objc; path = SVGPathElement.m; sourceTree = "<group>"; };
		587E0EE6164C52BE0000229A /* SVGPathElement.h */ = {isa = PBXFileReference; fileEncoding = 4; lastKnownFileType = sourcecode.c.h; path = SVGPathElement.h; sourceTree = "<group>"; };
		587E0EE7164C52BE0000229A /* SVGParserSVG.m */ = {isa = PBXFileReference; fileEncoding = 4; lastKnownFileType = sourcecode.c.objc; path = SVGParserSVG.m; sourceTree = "<group>"; };
		587E0EE8164C52BE0000229A /* SVGParserSVG.h */ = {isa = PBXFileReference; fileEncoding = 4; lastKnownFileType = sourcecode.c.h; path = SVGParserSVG.h; sourceTree = "<group>"; };
		587E0EE9164C52BE0000229A /* SVGParser.m */ = {isa = PBXFileReference; fileEncoding = 4; lastKnownFileType = sourcecode.c.objc; path = SVGParser.m; sourceTree = "<group>"; };
		587E0EEA164C52BE0000229A /* SVGParser.h */ = {isa = PBXFileReference; fileEncoding = 4; lastKnownFileType = sourcecode.c.h; path = SVGParser.h; sourceTree = "<group>"; };
		587E0EEB164C52BE0000229A /* SVGLineElement.m */ = {isa = PBXFileReference; fileEncoding = 4; lastKnownFileType = sourcecode.c.objc; path = SVGLineElement.m; sourceTree = "<group>"; };
		587E0EEC164C52BE0000229A /* SVGLineElement.h */ = {isa = PBXFileReference; fileEncoding = 4; lastKnownFileType = sourcecode.c.h; path = SVGLineElement.h; sourceTree = "<group>"; };
		587E0EED164C52BE0000229A /* SVGKit.h */ = {isa = PBXFileReference; fileEncoding = 4; lastKnownFileType = sourcecode.c.h; path = SVGKit.h; sourceTree = "<group>"; };
		587E0EEE164C52BE0000229A /* SVGImageElement.h */ = {isa = PBXFileReference; fileEncoding = 4; lastKnownFileType = sourcecode.c.h; path = SVGImageElement.h; sourceTree = "<group>"; };
		587E0EEF164C52BE0000229A /* SVGGroupElement.m */ = {isa = PBXFileReference; fileEncoding = 4; lastKnownFileType = sourcecode.c.objc; path = SVGGroupElement.m; sourceTree = "<group>"; };
		587E0EF0164C52BE0000229A /* SVGGroupElement.h */ = {isa = PBXFileReference; fileEncoding = 4; lastKnownFileType = sourcecode.c.h; path = SVGGroupElement.h; sourceTree = "<group>"; };
		587E0EF1164C52BE0000229A /* SVGEllipseElement.m */ = {isa = PBXFileReference; fileEncoding = 4; lastKnownFileType = sourcecode.c.objc; path = SVGEllipseElement.m; sourceTree = "<group>"; };
		587E0EF2164C52BE0000229A /* SVGEllipseElement.h */ = {isa = PBXFileReference; fileEncoding = 4; lastKnownFileType = sourcecode.c.h; path = SVGEllipseElement.h; sourceTree = "<group>"; };
		587E0EF3164C52BE0000229A /* SVGElement+Private.h */ = {isa = PBXFileReference; fileEncoding = 4; lastKnownFileType = sourcecode.c.h; path = "SVGElement+Private.h"; sourceTree = "<group>"; };
		587E0EF4164C52BE0000229A /* SVGElement.h */ = {isa = PBXFileReference; fileEncoding = 4; lastKnownFileType = sourcecode.c.h; path = SVGElement.h; sourceTree = "<group>"; };
		587E0EF5164C52BE0000229A /* SVGElement.m */ = {isa = PBXFileReference; fileEncoding = 4; lastKnownFileType = sourcecode.c.objc; path = SVGElement.m; sourceTree = "<group>"; };
		587E0EF6164C52BE0000229A /* SVGDocument+CA.m */ = {isa = PBXFileReference; fileEncoding = 4; lastKnownFileType = sourcecode.c.objc; path = "SVGDocument+CA.m"; sourceTree = "<group>"; };
		587E0EF7164C52BE0000229A /* SVGDocument+CA.h */ = {isa = PBXFileReference; fileEncoding = 4; lastKnownFileType = sourcecode.c.h; path = "SVGDocument+CA.h"; sourceTree = "<group>"; };
		587E0EF8164C52BE0000229A /* SVGDocument.m */ = {isa = PBXFileReference; fileEncoding = 4; lastKnownFileType = sourcecode.c.objc; path = SVGDocument.m; sourceTree = "<group>"; };
		587E0EF9164C52BE0000229A /* SVGDocument.h */ = {isa = PBXFileReference; fileEncoding = 4; lastKnownFileType = sourcecode.c.h; path = SVGDocument.h; sourceTree = "<group>"; };
		587E0EFA164C52BE0000229A /* SVGDescriptionElement.m */ = {isa = PBXFileReference; fileEncoding = 4; lastKnownFileType = sourcecode.c.objc; path = SVGDescriptionElement.m; sourceTree = "<group>"; };
		587E0EFB164C52BE0000229A /* SVGDescriptionElement.h */ = {isa = PBXFileReference; fileEncoding = 4; lastKnownFileType = sourcecode.c.h; path = SVGDescriptionElement.h; sourceTree = "<group>"; };
		587E0EFC164C52BE0000229A /* SVGDefsElement.m */ = {isa = PBXFileReference; fileEncoding = 4; lastKnownFileType = sourcecode.c.objc; path = SVGDefsElement.m; sourceTree = "<group>"; };
		587E0EFD164C52BE0000229A /* SVGDefsElement.h */ = {isa = PBXFileReference; fileEncoding = 4; lastKnownFileType = sourcecode.c.h; path = SVGDefsElement.h; sourceTree = "<group>"; };
		587E0EFE164C52BE0000229A /* SVGCircleElement.m */ = {isa = PBXFileReference; fileEncoding = 4; lastKnownFileType = sourcecode.c.objc; path = SVGCircleElement.m; sourceTree = "<group>"; };
		587E0EFF164C52BE0000229A /* SVGCircleElement.h */ = {isa = PBXFileReference; fileEncoding = 4; lastKnownFileType = sourcecode.c.h; path = SVGCircleElement.h; sourceTree = "<group>"; };
		587E0F00164C52BE0000229A /* CGPathAdditions.m */ = {isa = PBXFileReference; fileEncoding = 4; lastKnownFileType = sourcecode.c.objc; path = CGPathAdditions.m; sourceTree = "<group>"; };
		587E0F01164C52BE0000229A /* SVGGradientElement.h */ = {isa = PBXFileReference; fileEncoding = 4; lastKnownFileType = sourcecode.c.h; path = SVGGradientElement.h; sourceTree = "<group>"; };
		587E0F02164C52BE0000229A /* SVGGradientElement.m */ = {isa = PBXFileReference; fileEncoding = 4; lastKnownFileType = sourcecode.c.objc; path = SVGGradientElement.m; sourceTree = "<group>"; };
		587E0F03164C52BE0000229A /* SVGGradientStop.h */ = {isa = PBXFileReference; fileEncoding = 4; lastKnownFileType = sourcecode.c.h; path = SVGGradientStop.h; sourceTree = "<group>"; };
		587E0F04164C52BE0000229A /* SVGGradientStop.m */ = {isa = PBXFileReference; fileEncoding = 4; lastKnownFileType = sourcecode.c.objc; path = SVGGradientStop.m; sourceTree = "<group>"; };
		587E0F05164C52BE0000229A /* SVGStyleCatcher.h */ = {isa = PBXFileReference; fileEncoding = 4; lastKnownFileType = sourcecode.c.h; path = SVGStyleCatcher.h; sourceTree = "<group>"; };
		587E0F06164C52BE0000229A /* SVGStyleElement.h */ = {isa = PBXFileReference; fileEncoding = 4; lastKnownFileType = sourcecode.c.h; path = SVGStyleElement.h; sourceTree = "<group>"; };
		587E0F07164C52BE0000229A /* SVGStyleElement.m */ = {isa = PBXFileReference; fileEncoding = 4; lastKnownFileType = sourcecode.c.objc; path = SVGStyleElement.m; sourceTree = "<group>"; };
		587E0F08164C52BE0000229A /* SVGParserGradient.h */ = {isa = PBXFileReference; fileEncoding = 4; lastKnownFileType = sourcecode.c.h; path = SVGParserGradient.h; sourceTree = "<group>"; };
		587E0F09164C52BE0000229A /* SVGParserGradient.m */ = {isa = PBXFileReference; fileEncoding = 4; lastKnownFileType = sourcecode.c.objc; path = SVGParserGradient.m; sourceTree = "<group>"; };
		587E0F0A164C52BE0000229A /* SVGParserStyles.h */ = {isa = PBXFileReference; fileEncoding = 4; lastKnownFileType = sourcecode.c.h; path = SVGParserStyles.h; sourceTree = "<group>"; };
		587E0F0B164C52BE0000229A /* SVGParserStyles.m */ = {isa = PBXFileReference; fileEncoding = 4; lastKnownFileType = sourcecode.c.objc; path = SVGParserStyles.m; sourceTree = "<group>"; };
		587E0F2A164C54250000229A /* QuartzCore.framework */ = {isa = PBXFileReference; lastKnownFileType = wrapper.framework; name = QuartzCore.framework; path = System/Library/Frameworks/QuartzCore.framework; sourceTree = SDKROOT; };
		587E0F2C164C54420000229A /* libxml2.dylib */ = {isa = PBXFileReference; lastKnownFileType = "compiled.mach-o.dylib"; name = libxml2.dylib; path = usr/lib/libxml2.dylib; sourceTree = SDKROOT; };
		587E0F36164C5AEF0000229A /* CALayerCamera.h */ = {isa = PBXFileReference; fileEncoding = 4; lastKnownFileType = sourcecode.c.h; path = CALayerCamera.h; sourceTree = "<group>"; };
		587E0F37164C5AEF0000229A /* CALayerCamera.m */ = {isa = PBXFileReference; fileEncoding = 4; lastKnownFileType = sourcecode.c.objc; path = CALayerCamera.m; sourceTree = "<group>"; };
		587E0F38164C5AEF0000229A /* CALayerFilm.h */ = {isa = PBXFileReference; fileEncoding = 4; lastKnownFileType = sourcecode.c.h; path = CALayerFilm.h; sourceTree = "<group>"; };
		587E0F39164C5AEF0000229A /* CALayerFilm.m */ = {isa = PBXFileReference; fileEncoding = 4; lastKnownFileType = sourcecode.c.objc; path = CALayerFilm.m; sourceTree = "<group>"; };
		587E0F3B164C5AEF0000229A /* CALayerExporter.h */ = {isa = PBXFileReference; fileEncoding = 4; lastKnownFileType = sourcecode.c.h; path = CALayerExporter.h; sourceTree = "<group>"; };
		587E0F3C164C5AEF0000229A /* CALayerExporter.m */ = {isa = PBXFileReference; fileEncoding = 4; lastKnownFileType = sourcecode.c.objc; path = CALayerExporter.m; sourceTree = "<group>"; };
		587E0F40164C5BFA0000229A /* ViewController.h */ = {isa = PBXFileReference; lastKnownFileType = sourcecode.c.h; name = ViewController.h; path = BigShotsGetShots/ViewController.h; sourceTree = "<group>"; };
		587E0F41164C5BFA0000229A /* ViewController.m */ = {isa = PBXFileReference; lastKnownFileType = sourcecode.c.objc; name = ViewController.m; path = BigShotsGetShots/ViewController.m; sourceTree = "<group>"; };
		587E0F42164C5C350000229A /* ViewController.xib */ = {isa = PBXFileReference; fileEncoding = 4; lastKnownFileType = file.xib; name = ViewController.xib; path = BigShotsGetShots/ViewController.xib; sourceTree = "<group>"; };
		588F68FB164DA516001D6FEC /* pg1.svg */ = {isa = PBXFileReference; fileEncoding = 4; lastKnownFileType = text.xml; path = pg1.svg; sourceTree = "<group>"; };
		588F68FC164DA516001D6FEC /* pg2.svg */ = {isa = PBXFileReference; fileEncoding = 4; lastKnownFileType = text.xml; path = pg2.svg; sourceTree = "<group>"; };
		588F68FD164DA516001D6FEC /* pg3.svg */ = {isa = PBXFileReference; fileEncoding = 4; lastKnownFileType = text.xml; path = pg3.svg; sourceTree = "<group>"; };
		588F68FE164DA516001D6FEC /* pg4.svg */ = {isa = PBXFileReference; fileEncoding = 4; lastKnownFileType = text.xml; path = pg4.svg; sourceTree = "<group>"; };
		588F68FF164DA516001D6FEC /* pg4a.svg */ = {isa = PBXFileReference; fileEncoding = 4; lastKnownFileType = text.xml; path = pg4a.svg; sourceTree = "<group>"; };
		588F6900164DA516001D6FEC /* pg5.svg */ = {isa = PBXFileReference; fileEncoding = 4; lastKnownFileType = text.xml; path = pg5.svg; sourceTree = "<group>"; };
		588F6901164DA516001D6FEC /* pg5a.svg */ = {isa = PBXFileReference; fileEncoding = 4; lastKnownFileType = text.xml; path = pg5a.svg; sourceTree = "<group>"; };
		588F6902164DA516001D6FEC /* pg6.svg */ = {isa = PBXFileReference; fileEncoding = 4; lastKnownFileType = text.xml; path = pg6.svg; sourceTree = "<group>"; };
		588F6903164DA516001D6FEC /* pg7.svg */ = {isa = PBXFileReference; fileEncoding = 4; lastKnownFileType = text.xml; path = pg7.svg; sourceTree = "<group>"; };
		588F6904164DA516001D6FEC /* pg8.svg */ = {isa = PBXFileReference; fileEncoding = 4; lastKnownFileType = text.xml; path = pg8.svg; sourceTree = "<group>"; };
		588F6905164DA516001D6FEC /* pg9.svg */ = {isa = PBXFileReference; fileEncoding = 4; lastKnownFileType = text.xml; path = pg9.svg; sourceTree = "<group>"; };
		588F6906164DA516001D6FEC /* pg10.svg */ = {isa = PBXFileReference; fileEncoding = 4; lastKnownFileType = text.xml; path = pg10.svg; sourceTree = "<group>"; };
		588F6907164DA516001D6FEC /* pg11.svg */ = {isa = PBXFileReference; fileEncoding = 4; lastKnownFileType = text.xml; path = pg11.svg; sourceTree = "<group>"; };
		588F6908164DA516001D6FEC /* pg11a.svg */ = {isa = PBXFileReference; fileEncoding = 4; lastKnownFileType = text.xml; path = pg11a.svg; sourceTree = "<group>"; };
		588F6909164DA516001D6FEC /* pg12.svg */ = {isa = PBXFileReference; fileEncoding = 4; lastKnownFileType = text.xml; path = pg12.svg; sourceTree = "<group>"; };
		588F690A164DA516001D6FEC /* pg13.svg */ = {isa = PBXFileReference; fileEncoding = 4; lastKnownFileType = text.xml; path = pg13.svg; sourceTree = "<group>"; };
		588F690B164DA516001D6FEC /* pg14.svg */ = {isa = PBXFileReference; fileEncoding = 4; lastKnownFileType = text.xml; path = pg14.svg; sourceTree = "<group>"; };
		588F690C164DA516001D6FEC /* pg14a.svg */ = {isa = PBXFileReference; fileEncoding = 4; lastKnownFileType = text.xml; path = pg14a.svg; sourceTree = "<group>"; };
		588F690D164DA516001D6FEC /* pg15.svg */ = {isa = PBXFileReference; fileEncoding = 4; lastKnownFileType = text.xml; path = pg15.svg; sourceTree = "<group>"; };
		58AE6247164C85BD001CBB42 /* ResourceList.plist */ = {isa = PBXFileReference; fileEncoding = 4; lastKnownFileType = text.plist.xml; path = ResourceList.plist; sourceTree = "<group>"; };
/* End PBXFileReference section */

/* Begin PBXFrameworksBuildPhase section */
		587E0E7B164C40FC0000229A /* Frameworks */ = {
			isa = PBXFrameworksBuildPhase;
			buildActionMask = 2147483647;
			files = (
				587E0F2D164C54420000229A /* libxml2.dylib in Frameworks */,
				587E0F2B164C54250000229A /* QuartzCore.framework in Frameworks */,
				587E0E83164C40FC0000229A /* UIKit.framework in Frameworks */,
				587E0E85164C40FC0000229A /* Foundation.framework in Frameworks */,
				587E0E87164C40FC0000229A /* CoreGraphics.framework in Frameworks */,
			);
			runOnlyForDeploymentPostprocessing = 0;
		};
/* End PBXFrameworksBuildPhase section */

/* Begin PBXGroup section */
		587E0E73164C40FB0000229A = {
			isa = PBXGroup;
			children = (
				58AE6220164C85A0001CBB42 /* Resources */,
				587E0E88164C40FC0000229A /* BigShotsGetShots */,
				587E0E81164C40FC0000229A /* Frameworks */,
				587E0E7F164C40FC0000229A /* Products */,
			);
			sourceTree = "<group>";
		};
		587E0E7F164C40FC0000229A /* Products */ = {
			isa = PBXGroup;
			children = (
				587E0E7E164C40FC0000229A /* BigShotsGetShots.app */,
			);
			name = Products;
			sourceTree = "<group>";
		};
		587E0E81164C40FC0000229A /* Frameworks */ = {
			isa = PBXGroup;
			children = (
				587E0F2E164C54810000229A /* SVGKit */,
				587E0F2C164C54420000229A /* libxml2.dylib */,
				587E0F2A164C54250000229A /* QuartzCore.framework */,
				587E0E82164C40FC0000229A /* UIKit.framework */,
				587E0E84164C40FC0000229A /* Foundation.framework */,
				587E0E86164C40FC0000229A /* CoreGraphics.framework */,
			);
			name = Frameworks;
			sourceTree = "<group>";
		};
		587E0E88164C40FC0000229A /* BigShotsGetShots */ = {
			isa = PBXGroup;
			children = (
				58AE621C164C853F001CBB42 /* ViewController */,
				58AE6249164C86E4001CBB42 /* AppDelegate */,
				587E0E89164C40FC0000229A /* Supporting Files */,
			);
			path = BigShotsGetShots;
			sourceTree = "<group>";
		};
		587E0E89164C40FC0000229A /* Supporting Files */ = {
			isa = PBXGroup;
			children = (
				587E0E8A164C40FC0000229A /* BigShotsGetShots-Info.plist */,
				587E0E8B164C40FC0000229A /* InfoPlist.strings */,
				587E0E8E164C40FC0000229A /* main.m */,
				587E0E90164C40FC0000229A /* BigShotsGetShots-Prefix.pch */,
			);
			name = "Supporting Files";
			sourceTree = "<group>";
		};
		587E0EBF164C52AE0000229A /* iOS */ = {
			isa = PBXGroup;
			children = (
				587E0EC0164C52AE0000229A /* SVGDocumentView.h */,
				587E0EC1164C52AE0000229A /* SVGDocumentView.m */,
				587E0EC2164C52AE0000229A /* SVGPathView.h */,
				587E0EC3164C52AE0000229A /* SVGPathView.m */,
				587E0EC4164C52AE0000229A /* SVGView.h */,
				587E0EC5164C52AE0000229A /* SVGView.m */,
			);
			name = iOS;
			path = SVGKit/iOS;
			sourceTree = "<group>";
		};
		587E0EC9164C52BE0000229A /* Core */ = {
			isa = PBXGroup;
			children = (
				587E0ECA164C52BE0000229A /* Elements */,
				587E0ECB164C52BE0000229A /* ParserExtentions */,
				587E0ECC164C52BE0000229A /* CALayerWithChildHitTest.h */,
				587E0ECD164C52BE0000229A /* CALayerWithChildHitTest.m */,
				587E0ECE164C52BE0000229A /* CAShapeLayerWithHitTest.h */,
				587E0ECF164C52BE0000229A /* CAShapeLayerWithHitTest.m */,
				587E0ED0164C52BE0000229A /* SVGPointsAndPathsParser.m */,
				587E0ED1164C52BE0000229A /* SVGPointsAndPathsParser.h */,
				587E0ED2164C52BE0000229A /* SVGTextElement.m */,
				587E0ED3164C52BE0000229A /* SVGTextElement.h */,
				587E0ED4164C52BE0000229A /* SVGPattern.h */,
				587E0ED5164C52BE0000229A /* SVGUtils.h */,
				587E0ED6164C52BE0000229A /* SVGImageElement.m */,
				587E0ED7164C52BE0000229A /* CGPathAdditions.h */,
				587E0ED8164C52BE0000229A /* SVGUtils.m */,
				587E0ED9164C52BE0000229A /* SVGTitleElement.m */,
				587E0EDA164C52BE0000229A /* SVGTitleElement.h */,
				587E0EDB164C52BE0000229A /* SVGShapeElement+Private.h */,
				587E0EDC164C52BE0000229A /* SVGShapeElement.m */,
				587E0EDD164C52BE0000229A /* SVGShapeElement.h */,
				587E0EDE164C52BE0000229A /* SVGRectElement.m */,
				587E0EDF164C52BE0000229A /* SVGRectElement.h */,
				587E0EE0164C52BE0000229A /* SVGPolylineElement.m */,
				587E0EE1164C52BE0000229A /* SVGPolylineElement.h */,
				587E0EE2164C52BE0000229A /* SVGPolygonElement.m */,
				587E0EE3164C52BE0000229A /* SVGPolygonElement.h */,
				587E0EE4164C52BE0000229A /* SVGPattern.m */,
				587E0EE5164C52BE0000229A /* SVGPathElement.m */,
				587E0EE6164C52BE0000229A /* SVGPathElement.h */,
				587E0EE7164C52BE0000229A /* SVGParserSVG.m */,
				587E0EE8164C52BE0000229A /* SVGParserSVG.h */,
				587E0EE9164C52BE0000229A /* SVGParser.m */,
				587E0EEA164C52BE0000229A /* SVGParser.h */,
				587E0EEB164C52BE0000229A /* SVGLineElement.m */,
				587E0EEC164C52BE0000229A /* SVGLineElement.h */,
				587E0EED164C52BE0000229A /* SVGKit.h */,
				587E0EEE164C52BE0000229A /* SVGImageElement.h */,
				587E0EEF164C52BE0000229A /* SVGGroupElement.m */,
				587E0EF0164C52BE0000229A /* SVGGroupElement.h */,
				587E0EF1164C52BE0000229A /* SVGEllipseElement.m */,
				587E0EF2164C52BE0000229A /* SVGEllipseElement.h */,
				587E0EF3164C52BE0000229A /* SVGElement+Private.h */,
				587E0EF4164C52BE0000229A /* SVGElement.h */,
				587E0EF5164C52BE0000229A /* SVGElement.m */,
				587E0EF6164C52BE0000229A /* SVGDocument+CA.m */,
				587E0EF7164C52BE0000229A /* SVGDocument+CA.h */,
				587E0EF8164C52BE0000229A /* SVGDocument.m */,
				587E0EF9164C52BE0000229A /* SVGDocument.h */,
				587E0EFA164C52BE0000229A /* SVGDescriptionElement.m */,
				587E0EFB164C52BE0000229A /* SVGDescriptionElement.h */,
				587E0EFC164C52BE0000229A /* SVGDefsElement.m */,
				587E0EFD164C52BE0000229A /* SVGDefsElement.h */,
				587E0EFE164C52BE0000229A /* SVGCircleElement.m */,
				587E0EFF164C52BE0000229A /* SVGCircleElement.h */,
				587E0F00164C52BE0000229A /* CGPathAdditions.m */,
			);
			name = Core;
			path = SVGKit/Core;
			sourceTree = "<group>";
		};
		587E0ECA164C52BE0000229A /* Elements */ = {
			isa = PBXGroup;
			children = (
				587E0F01164C52BE0000229A /* SVGGradientElement.h */,
				587E0F02164C52BE0000229A /* SVGGradientElement.m */,
				587E0F03164C52BE0000229A /* SVGGradientStop.h */,
				587E0F04164C52BE0000229A /* SVGGradientStop.m */,
				587E0F05164C52BE0000229A /* SVGStyleCatcher.h */,
				587E0F06164C52BE0000229A /* SVGStyleElement.h */,
				587E0F07164C52BE0000229A /* SVGStyleElement.m */,
			);
			path = Elements;
			sourceTree = "<group>";
		};
		587E0ECB164C52BE0000229A /* ParserExtentions */ = {
			isa = PBXGroup;
			children = (
				587E0F08164C52BE0000229A /* SVGParserGradient.h */,
				587E0F09164C52BE0000229A /* SVGParserGradient.m */,
				587E0F0A164C52BE0000229A /* SVGParserStyles.h */,
				587E0F0B164C52BE0000229A /* SVGParserStyles.m */,
			);
			path = ParserExtentions;
			sourceTree = "<group>";
		};
		587E0F2E164C54810000229A /* SVGKit */ = {
			isa = PBXGroup;
			children = (
				587E0F35164C5AEF0000229A /* calayer-camera */,
				587E0F3A164C5AEF0000229A /* calayer-exporter */,
				587E0EC9164C52BE0000229A /* Core */,
				587E0EBF164C52AE0000229A /* iOS */,
			);
			name = SVGKit;
			sourceTree = "<group>";
		};
		587E0F35164C5AEF0000229A /* calayer-camera */ = {
			isa = PBXGroup;
			children = (
				587E0F36164C5AEF0000229A /* CALayerCamera.h */,
				587E0F37164C5AEF0000229A /* CALayerCamera.m */,
				587E0F38164C5AEF0000229A /* CALayerFilm.h */,
				587E0F39164C5AEF0000229A /* CALayerFilm.m */,
			);
			name = "calayer-camera";
			path = "SVGKit/calayer-camera";
			sourceTree = "<group>";
		};
		587E0F3A164C5AEF0000229A /* calayer-exporter */ = {
			isa = PBXGroup;
			children = (
				587E0F3B164C5AEF0000229A /* CALayerExporter.h */,
				587E0F3C164C5AEF0000229A /* CALayerExporter.m */,
			);
			name = "calayer-exporter";
			path = "SVGKit/calayer-exporter";
			sourceTree = "<group>";
		};
		58AE621C164C853F001CBB42 /* ViewController */ = {
			isa = PBXGroup;
			children = (
				587E0F40164C5BFA0000229A /* ViewController.h */,
				587E0F41164C5BFA0000229A /* ViewController.m */,
				587E0F42164C5C350000229A /* ViewController.xib */,
			);
			name = ViewController;
			path = ..;
			sourceTree = "<group>";
		};
		58AE6220164C85A0001CBB42 /* Resources */ = {
			isa = PBXGroup;
			children = (
				588F68FB164DA516001D6FEC /* pg1.svg */,
				588F68FC164DA516001D6FEC /* pg2.svg */,
				588F68FD164DA516001D6FEC /* pg3.svg */,
				588F68FE164DA516001D6FEC /* pg4.svg */,
				588F68FF164DA516001D6FEC /* pg4a.svg */,
				588F6900164DA516001D6FEC /* pg5.svg */,
				588F6901164DA516001D6FEC /* pg5a.svg */,
				588F6902164DA516001D6FEC /* pg6.svg */,
				588F6903164DA516001D6FEC /* pg7.svg */,
				588F6904164DA516001D6FEC /* pg8.svg */,
				588F6905164DA516001D6FEC /* pg9.svg */,
				588F6906164DA516001D6FEC /* pg10.svg */,
				588F6907164DA516001D6FEC /* pg11.svg */,
				588F6908164DA516001D6FEC /* pg11a.svg */,
				588F6909164DA516001D6FEC /* pg12.svg */,
				588F690A164DA516001D6FEC /* pg13.svg */,
				588F690B164DA516001D6FEC /* pg14.svg */,
				588F690C164DA516001D6FEC /* pg14a.svg */,
				588F690D164DA516001D6FEC /* pg15.svg */,
				58AE6247164C85BD001CBB42 /* ResourceList.plist */,
			);
			path = Resources;
			sourceTree = "<group>";
		};
		58AE6249164C86E4001CBB42 /* AppDelegate */ = {
			isa = PBXGroup;
			children = (
				587E0E91164C40FC0000229A /* AppDelegate.h */,
				587E0E92164C40FC0000229A /* AppDelegate.m */,
			);
			name = AppDelegate;
			sourceTree = "<group>";
		};
/* End PBXGroup section */

/* Begin PBXNativeTarget section */
		587E0E7D164C40FC0000229A /* BigShotsGetShots */ = {
			isa = PBXNativeTarget;
			buildConfigurationList = 587E0E96164C40FC0000229A /* Build configuration list for PBXNativeTarget "BigShotsGetShots" */;
			buildPhases = (
				587E0E7A164C40FC0000229A /* Sources */,
				587E0E7B164C40FC0000229A /* Frameworks */,
				587E0E7C164C40FC0000229A /* Resources */,
			);
			buildRules = (
			);
			dependencies = (
			);
			name = BigShotsGetShots;
			productName = BigShotsGetShots;
			productReference = 587E0E7E164C40FC0000229A /* BigShotsGetShots.app */;
			productType = "com.apple.product-type.application";
		};
/* End PBXNativeTarget section */

/* Begin PBXProject section */
		587E0E75164C40FB0000229A /* Project object */ = {
			isa = PBXProject;
			attributes = {
				LastUpgradeCheck = 0430;
				ORGANIZATIONNAME = "Dusty Technologies";
			};
			buildConfigurationList = 587E0E78164C40FB0000229A /* Build configuration list for PBXProject "BigShotsGetShots" */;
			compatibilityVersion = "Xcode 3.2";
			developmentRegion = English;
			hasScannedForEncodings = 0;
			knownRegions = (
				en,
			);
			mainGroup = 587E0E73164C40FB0000229A;
			productRefGroup = 587E0E7F164C40FC0000229A /* Products */;
			projectDirPath = "";
			projectRoot = "";
			targets = (
				587E0E7D164C40FC0000229A /* BigShotsGetShots */,
			);
		};
/* End PBXProject section */

/* Begin PBXResourcesBuildPhase section */
		587E0E7C164C40FC0000229A /* Resources */ = {
			isa = PBXResourcesBuildPhase;
			buildActionMask = 2147483647;
			files = (
				587E0E8D164C40FC0000229A /* InfoPlist.strings in Resources */,
				587E0F43164C5C350000229A /* ViewController.xib in Resources */,
				58AE6248164C85BD001CBB42 /* ResourceList.plist in Resources */,
				588F690E164DA516001D6FEC /* pg1.svg in Resources */,
				588F690F164DA516001D6FEC /* pg2.svg in Resources */,
				588F6910164DA516001D6FEC /* pg3.svg in Resources */,
				588F6911164DA516001D6FEC /* pg4.svg in Resources */,
				588F6912164DA516001D6FEC /* pg4a.svg in Resources */,
				588F6913164DA516001D6FEC /* pg5.svg in Resources */,
				588F6914164DA516001D6FEC /* pg5a.svg in Resources */,
				588F6915164DA516001D6FEC /* pg6.svg in Resources */,
				588F6916164DA516001D6FEC /* pg7.svg in Resources */,
				588F6917164DA516001D6FEC /* pg8.svg in Resources */,
				588F6918164DA516001D6FEC /* pg9.svg in Resources */,
				588F6919164DA516001D6FEC /* pg10.svg in Resources */,
				588F691A164DA516001D6FEC /* pg11.svg in Resources */,
				588F691B164DA516001D6FEC /* pg11a.svg in Resources */,
				588F691C164DA516001D6FEC /* pg12.svg in Resources */,
				588F691D164DA516001D6FEC /* pg13.svg in Resources */,
				588F691E164DA516001D6FEC /* pg14.svg in Resources */,
				588F691F164DA516001D6FEC /* pg14a.svg in Resources */,
				588F6920164DA516001D6FEC /* pg15.svg in Resources */,
			);
			runOnlyForDeploymentPostprocessing = 0;
		};
/* End PBXResourcesBuildPhase section */

/* Begin PBXSourcesBuildPhase section */
		587E0E7A164C40FC0000229A /* Sources */ = {
			isa = PBXSourcesBuildPhase;
			buildActionMask = 2147483647;
			files = (
				587E0E8F164C40FC0000229A /* main.m in Sources */,
				587E0E93164C40FC0000229A /* AppDelegate.m in Sources */,
				587E0EC6164C52AE0000229A /* SVGDocumentView.m in Sources */,
				587E0EC7164C52AE0000229A /* SVGPathView.m in Sources */,
				587E0EC8164C52AE0000229A /* SVGView.m in Sources */,
				587E0F0C164C52BE0000229A /* SVGGradientElement.m in Sources */,
				587E0F0D164C52BE0000229A /* SVGGradientStop.m in Sources */,
				587E0F0E164C52BE0000229A /* SVGStyleElement.m in Sources */,
				587E0F0F164C52BE0000229A /* SVGParserGradient.m in Sources */,
				587E0F10164C52BE0000229A /* SVGParserStyles.m in Sources */,
				587E0F11164C52BE0000229A /* CALayerWithChildHitTest.m in Sources */,
				587E0F12164C52BE0000229A /* CAShapeLayerWithHitTest.m in Sources */,
				587E0F13164C52BE0000229A /* SVGPointsAndPathsParser.m in Sources */,
				587E0F14164C52BE0000229A /* SVGTextElement.m in Sources */,
				587E0F15164C52BE0000229A /* SVGImageElement.m in Sources */,
				587E0F16164C52BE0000229A /* SVGUtils.m in Sources */,
				587E0F17164C52BE0000229A /* SVGTitleElement.m in Sources */,
				587E0F18164C52BE0000229A /* SVGShapeElement.m in Sources */,
				587E0F19164C52BE0000229A /* SVGRectElement.m in Sources */,
				587E0F1A164C52BE0000229A /* SVGPolylineElement.m in Sources */,
				587E0F1B164C52BE0000229A /* SVGPolygonElement.m in Sources */,
				587E0F1C164C52BE0000229A /* SVGPattern.m in Sources */,
				587E0F1D164C52BE0000229A /* SVGPathElement.m in Sources */,
				587E0F1E164C52BE0000229A /* SVGParserSVG.m in Sources */,
				587E0F1F164C52BE0000229A /* SVGParser.m in Sources */,
				587E0F20164C52BE0000229A /* SVGLineElement.m in Sources */,
				587E0F21164C52BE0000229A /* SVGGroupElement.m in Sources */,
				587E0F22164C52BE0000229A /* SVGEllipseElement.m in Sources */,
				587E0F23164C52BE0000229A /* SVGElement.m in Sources */,
				587E0F24164C52BE0000229A /* SVGDocument+CA.m in Sources */,
				587E0F25164C52BE0000229A /* SVGDocument.m in Sources */,
				587E0F26164C52BE0000229A /* SVGDescriptionElement.m in Sources */,
				587E0F27164C52BE0000229A /* SVGDefsElement.m in Sources */,
				587E0F28164C52BE0000229A /* SVGCircleElement.m in Sources */,
				587E0F29164C52BE0000229A /* CGPathAdditions.m in Sources */,
				587E0F3D164C5AEF0000229A /* CALayerCamera.m in Sources */,
				587E0F3E164C5AEF0000229A /* CALayerFilm.m in Sources */,
				587E0F3F164C5AEF0000229A /* CALayerExporter.m in Sources */,
				587E0F44164C5C8A0000229A /* ViewController.m in Sources */,
			);
			runOnlyForDeploymentPostprocessing = 0;
		};
/* End PBXSourcesBuildPhase section */

/* Begin PBXVariantGroup section */
		587E0E8B164C40FC0000229A /* InfoPlist.strings */ = {
			isa = PBXVariantGroup;
			children = (
				587E0E8C164C40FC0000229A /* en */,
			);
			name = InfoPlist.strings;
			sourceTree = "<group>";
		};
/* End PBXVariantGroup section */

/* Begin XCBuildConfiguration section */
		587E0E94164C40FC0000229A /* Debug */ = {
			isa = XCBuildConfiguration;
			buildSettings = {
				ALWAYS_SEARCH_USER_PATHS = NO;
				ARCHS = "$(ARCHS_STANDARD_32_BIT)";
				CLANG_ENABLE_OBJC_ARC = YES;
				"CODE_SIGN_IDENTITY[sdk=iphoneos*]" = "iPhone Developer";
				COPY_PHASE_STRIP = NO;
				GCC_C_LANGUAGE_STANDARD = gnu99;
				GCC_DYNAMIC_NO_PIC = NO;
				GCC_OPTIMIZATION_LEVEL = 0;
				GCC_PREPROCESSOR_DEFINITIONS = (
					"DEBUG=1",
					"$(inherited)",
				);
				GCC_SYMBOLS_PRIVATE_EXTERN = NO;
				GCC_VERSION = com.apple.compilers.llvm.clang.1_0;
				GCC_WARN_ABOUT_RETURN_TYPE = YES;
				GCC_WARN_UNINITIALIZED_AUTOS = YES;
				GCC_WARN_UNUSED_VARIABLE = YES;
				HEADER_SEARCH_PATHS = (
					"/usr/include/libxml2/**",
					"-ISVGKit/iOS/**",
				);
				IPHONEOS_DEPLOYMENT_TARGET = 5.1;
				SDKROOT = iphoneos;
				TARGETED_DEVICE_FAMILY = "1,2";
			};
			name = Debug;
		};
		587E0E95164C40FC0000229A /* Release */ = {
			isa = XCBuildConfiguration;
			buildSettings = {
				ALWAYS_SEARCH_USER_PATHS = NO;
				ARCHS = "$(ARCHS_STANDARD_32_BIT)";
				CLANG_ENABLE_OBJC_ARC = YES;
				"CODE_SIGN_IDENTITY[sdk=iphoneos*]" = "iPhone Developer";
				COPY_PHASE_STRIP = YES;
				GCC_C_LANGUAGE_STANDARD = gnu99;
				GCC_VERSION = com.apple.compilers.llvm.clang.1_0;
				GCC_WARN_ABOUT_RETURN_TYPE = YES;
				GCC_WARN_UNINITIALIZED_AUTOS = YES;
				GCC_WARN_UNUSED_VARIABLE = YES;
				HEADER_SEARCH_PATHS = (
					"/usr/include/libxml2/**",
					"-ISVGKit/iOS/**",
				);
				IPHONEOS_DEPLOYMENT_TARGET = 5.1;
				OTHER_CFLAGS = "-DNS_BLOCK_ASSERTIONS=1";
				SDKROOT = iphoneos;
				TARGETED_DEVICE_FAMILY = "1,2";
				VALIDATE_PRODUCT = YES;
			};
			name = Release;
		};
		587E0E97164C40FC0000229A /* Debug */ = {
			isa = XCBuildConfiguration;
			buildSettings = {
				GCC_PRECOMPILE_PREFIX_HEADER = YES;
				GCC_PREFIX_HEADER = "BigShotsGetShots/BigShotsGetShots-Prefix.pch";
				INFOPLIST_FILE = "BigShotsGetShots/BigShotsGetShots-Info.plist";
				PRODUCT_NAME = "$(TARGET_NAME)";
				WRAPPER_EXTENSION = app;
			};
			name = Debug;
		};
		587E0E98164C40FC0000229A /* Release */ = {
			isa = XCBuildConfiguration;
			buildSettings = {
				GCC_PRECOMPILE_PREFIX_HEADER = YES;
				GCC_PREFIX_HEADER = "BigShotsGetShots/BigShotsGetShots-Prefix.pch";
				INFOPLIST_FILE = "BigShotsGetShots/BigShotsGetShots-Info.plist";
				PRODUCT_NAME = "$(TARGET_NAME)";
				WRAPPER_EXTENSION = app;
			};
			name = Release;
		};
/* End XCBuildConfiguration section */

/* Begin XCConfigurationList section */
		587E0E78164C40FB0000229A /* Build configuration list for PBXProject "BigShotsGetShots" */ = {
			isa = XCConfigurationList;
			buildConfigurations = (
				587E0E94164C40FC0000229A /* Debug */,
				587E0E95164C40FC0000229A /* Release */,
			);
			defaultConfigurationIsVisible = 0;
			defaultConfigurationName = Release;
		};
		587E0E96164C40FC0000229A /* Build configuration list for PBXNativeTarget "BigShotsGetShots" */ = {
			isa = XCConfigurationList;
			buildConfigurations = (
				587E0E97164C40FC0000229A /* Debug */,
				587E0E98164C40FC0000229A /* Release */,
			);
			defaultConfigurationIsVisible = 0;
			defaultConfigurationName = Release;
		};
/* End XCConfigurationList section */
	};
	rootObject = 587E0E75164C40FB0000229A /* Project object */;
}
