// !$*UTF8*$!
{
	archiveVersion = 1;
	classes = {
	};
	objectVersion = 46;
	objects = {

/* Begin PBXBuildFile section */
		587E0E83164C40FC0000229A /* UIKit.framework in Frameworks */ = {isa = PBXBuildFile; fileRef = 587E0E82164C40FC0000229A /* UIKit.framework */; };
		587E0E85164C40FC0000229A /* Foundation.framework in Frameworks */ = {isa = PBXBuildFile; fileRef = 587E0E84164C40FC0000229A /* Foundation.framework */; };
		587E0E87164C40FC0000229A /* CoreGraphics.framework in Frameworks */ = {isa = PBXBuildFile; fileRef = 587E0E86164C40FC0000229A /* CoreGraphics.framework */; };
		587E0E8D164C40FC0000229A /* InfoPlist.strings in Resources */ = {isa = PBXBuildFile; fileRef = 587E0E8B164C40FC0000229A /* InfoPlist.strings */; };
		587E0E8F164C40FC0000229A /* main.m in Sources */ = {isa = PBXBuildFile; fileRef = 587E0E8E164C40FC0000229A /* main.m */; };
		587E0E93164C40FC0000229A /* AppDelegate.m in Sources */ = {isa = PBXBuildFile; fileRef = 587E0E92164C40FC0000229A /* AppDelegate.m */; };
		587E0E9A164C4A720000229A /* 2.svg in Resources */ = {isa = PBXBuildFile; fileRef = 587E0E99164C4A720000229A /* 2.svg */; };
		587E0E9E164C4A8F0000229A /* ViewController.m in Sources */ = {isa = PBXBuildFile; fileRef = 587E0E9C164C4A8F0000229A /* ViewController.m */; };
		587E0E9F164C4A8F0000229A /* ViewController.xib in Resources */ = {isa = PBXBuildFile; fileRef = 587E0E9D164C4A8F0000229A /* ViewController.xib */; };
		587E0EA4164C4AEE0000229A /* VectorGraphic.m in Sources */ = {isa = PBXBuildFile; fileRef = 587E0EA3164C4AEE0000229A /* VectorGraphic.m */; };
/* End PBXBuildFile section */

/* Begin PBXFileReference section */
		587E0E7E164C40FC0000229A /* BigShotsGetShots.app */ = {isa = PBXFileReference; explicitFileType = wrapper.application; includeInIndex = 0; path = BigShotsGetShots.app; sourceTree = BUILT_PRODUCTS_DIR; };
		587E0E82164C40FC0000229A /* UIKit.framework */ = {isa = PBXFileReference; lastKnownFileType = wrapper.framework; name = UIKit.framework; path = System/Library/Frameworks/UIKit.framework; sourceTree = SDKROOT; };
		587E0E84164C40FC0000229A /* Foundation.framework */ = {isa = PBXFileReference; lastKnownFileType = wrapper.framework; name = Foundation.framework; path = System/Library/Frameworks/Foundation.framework; sourceTree = SDKROOT; };
		587E0E86164C40FC0000229A /* CoreGraphics.framework */ = {isa = PBXFileReference; lastKnownFileType = wrapper.framework; name = CoreGraphics.framework; path = System/Library/Frameworks/CoreGraphics.framework; sourceTree = SDKROOT; };
		587E0E8A164C40FC0000229A /* BigShotsGetShots-Info.plist */ = {isa = PBXFileReference; lastKnownFileType = text.plist.xml; path = "BigShotsGetShots-Info.plist"; sourceTree = "<group>"; };
		587E0E8C164C40FC0000229A /* en */ = {isa = PBXFileReference; lastKnownFileType = text.plist.strings; name = en; path = en.lproj/InfoPlist.strings; sourceTree = "<group>"; };
		587E0E8E164C40FC0000229A /* main.m */ = {isa = PBXFileReference; lastKnownFileType = sourcecode.c.objc; path = main.m; sourceTree = "<group>"; };
		587E0E90164C40FC0000229A /* BigShotsGetShots-Prefix.pch */ = {isa = PBXFileReference; lastKnownFileType = sourcecode.c.h; path = "BigShotsGetShots-Prefix.pch"; sourceTree = "<group>"; };
		587E0E91164C40FC0000229A /* AppDelegate.h */ = {isa = PBXFileReference; lastKnownFileType = sourcecode.c.h; path = AppDelegate.h; sourceTree = "<group>"; };
		587E0E92164C40FC0000229A /* AppDelegate.m */ = {isa = PBXFileReference; lastKnownFileType = sourcecode.c.objc; path = AppDelegate.m; sourceTree = "<group>"; };
		587E0E99164C4A720000229A /* 2.svg */ = {isa = PBXFileReference; fileEncoding = 4; lastKnownFileType = text.xml; path = 2.svg; sourceTree = "<group>"; };
		587E0E9B164C4A8F0000229A /* ViewController.h */ = {isa = PBXFileReference; fileEncoding = 4; lastKnownFileType = sourcecode.c.h; path = ViewController.h; sourceTree = "<group>"; };
		587E0E9C164C4A8F0000229A /* ViewController.m */ = {isa = PBXFileReference; fileEncoding = 4; lastKnownFileType = sourcecode.c.objc; path = ViewController.m; sourceTree = "<group>"; };
		587E0E9D164C4A8F0000229A /* ViewController.xib */ = {isa = PBXFileReference; fileEncoding = 4; lastKnownFileType = file.xib; path = ViewController.xib; sourceTree = "<group>"; };
		587E0EA2164C4AEE0000229A /* VectorGraphic.h */ = {isa = PBXFileReference; fileEncoding = 4; lastKnownFileType = sourcecode.c.h; path = VectorGraphic.h; sourceTree = "<group>"; };
		587E0EA3164C4AEE0000229A /* VectorGraphic.m */ = {isa = PBXFileReference; fileEncoding = 4; lastKnownFileType = sourcecode.c.objc; path = VectorGraphic.m; sourceTree = "<group>"; };
/* End PBXFileReference section */

/* Begin PBXFrameworksBuildPhase section */
		587E0E7B164C40FC0000229A /* Frameworks */ = {
			isa = PBXFrameworksBuildPhase;
			buildActionMask = 2147483647;
			files = (
				587E0E83164C40FC0000229A /* UIKit.framework in Frameworks */,
				587E0E85164C40FC0000229A /* Foundation.framework in Frameworks */,
				587E0E87164C40FC0000229A /* CoreGraphics.framework in Frameworks */,
			);
			runOnlyForDeploymentPostprocessing = 0;
		};
/* End PBXFrameworksBuildPhase section */

/* Begin PBXGroup section */
		587E0E73164C40FB0000229A = {
			isa = PBXGroup;
			children = (
				587E0E99164C4A720000229A /* 2.svg */,
				587E0E88164C40FC0000229A /* BigShotsGetShots */,
				587E0E81164C40FC0000229A /* Frameworks */,
				587E0E7F164C40FC0000229A /* Products */,
			);
			sourceTree = "<group>";
		};
		587E0E7F164C40FC0000229A /* Products */ = {
			isa = PBXGroup;
			children = (
				587E0E7E164C40FC0000229A /* BigShotsGetShots.app */,
			);
			name = Products;
			sourceTree = "<group>";
		};
		587E0E81164C40FC0000229A /* Frameworks */ = {
			isa = PBXGroup;
			children = (
				587E0E82164C40FC0000229A /* UIKit.framework */,
				587E0E84164C40FC0000229A /* Foundation.framework */,
				587E0E86164C40FC0000229A /* CoreGraphics.framework */,
			);
			name = Frameworks;
			sourceTree = "<group>";
		};
		587E0E88164C40FC0000229A /* BigShotsGetShots */ = {
			isa = PBXGroup;
			children = (
				587E0EA1164C4ADB0000229A /* VectorGraphic */,
				587E0E91164C40FC0000229A /* AppDelegate.h */,
				587E0E92164C40FC0000229A /* AppDelegate.m */,
				587E0E89164C40FC0000229A /* Supporting Files */,
				587E0EA0164C4A960000229A /* ViewController */,
			);
			path = BigShotsGetShots;
			sourceTree = "<group>";
		};
		587E0E89164C40FC0000229A /* Supporting Files */ = {
			isa = PBXGroup;
			children = (
				587E0E8A164C40FC0000229A /* BigShotsGetShots-Info.plist */,
				587E0E8B164C40FC0000229A /* InfoPlist.strings */,
				587E0E8E164C40FC0000229A /* main.m */,
				587E0E90164C40FC0000229A /* BigShotsGetShots-Prefix.pch */,
			);
			name = "Supporting Files";
			sourceTree = "<group>";
		};
		587E0EA0164C4A960000229A /* ViewController */ = {
			isa = PBXGroup;
			children = (
				587E0E9B164C4A8F0000229A /* ViewController.h */,
				587E0E9C164C4A8F0000229A /* ViewController.m */,
				587E0E9D164C4A8F0000229A /* ViewController.xib */,
			);
			name = ViewController;
			sourceTree = "<group>";
		};
		587E0EA1164C4ADB0000229A /* VectorGraphic */ = {
			isa = PBXGroup;
			children = (
				587E0EA2164C4AEE0000229A /* VectorGraphic.h */,
				587E0EA3164C4AEE0000229A /* VectorGraphic.m */,
			);
			name = VectorGraphic;
			sourceTree = "<group>";
		};
/* End PBXGroup section */

/* Begin PBXNativeTarget section */
		587E0E7D164C40FC0000229A /* BigShotsGetShots */ = {
			isa = PBXNativeTarget;
			buildConfigurationList = 587E0E96164C40FC0000229A /* Build configuration list for PBXNativeTarget "BigShotsGetShots" */;
			buildPhases = (
				587E0E7A164C40FC0000229A /* Sources */,
				587E0E7B164C40FC0000229A /* Frameworks */,
				587E0E7C164C40FC0000229A /* Resources */,
			);
			buildRules = (
			);
			dependencies = (
			);
			name = BigShotsGetShots;
			productName = BigShotsGetShots;
			productReference = 587E0E7E164C40FC0000229A /* BigShotsGetShots.app */;
			productType = "com.apple.product-type.application";
		};
/* End PBXNativeTarget section */

/* Begin PBXProject section */
		587E0E75164C40FB0000229A /* Project object */ = {
			isa = PBXProject;
			attributes = {
				LastUpgradeCheck = 0430;
				ORGANIZATIONNAME = "Dusty Technologies";
			};
			buildConfigurationList = 587E0E78164C40FB0000229A /* Build configuration list for PBXProject "BigShotsGetShots" */;
			compatibilityVersion = "Xcode 3.2";
			developmentRegion = English;
			hasScannedForEncodings = 0;
			knownRegions = (
				en,
			);
			mainGroup = 587E0E73164C40FB0000229A;
			productRefGroup = 587E0E7F164C40FC0000229A /* Products */;
			projectDirPath = "";
			projectRoot = "";
			targets = (
				587E0E7D164C40FC0000229A /* BigShotsGetShots */,
			);
		};
/* End PBXProject section */

/* Begin PBXResourcesBuildPhase section */
		587E0E7C164C40FC0000229A /* Resources */ = {
			isa = PBXResourcesBuildPhase;
			buildActionMask = 2147483647;
			files = (
				587E0E8D164C40FC0000229A /* InfoPlist.strings in Resources */,
				587E0E9A164C4A720000229A /* 2.svg in Resources */,
				587E0E9F164C4A8F0000229A /* ViewController.xib in Resources */,
			);
			runOnlyForDeploymentPostprocessing = 0;
		};
/* End PBXResourcesBuildPhase section */

/* Begin PBXSourcesBuildPhase section */
		587E0E7A164C40FC0000229A /* Sources */ = {
			isa = PBXSourcesBuildPhase;
			buildActionMask = 2147483647;
			files = (
				587E0E8F164C40FC0000229A /* main.m in Sources */,
				587E0E93164C40FC0000229A /* AppDelegate.m in Sources */,
				587E0E9E164C4A8F0000229A /* ViewController.m in Sources */,
				587E0EA4164C4AEE0000229A /* VectorGraphic.m in Sources */,
			);
			runOnlyForDeploymentPostprocessing = 0;
		};
/* End PBXSourcesBuildPhase section */

/* Begin PBXVariantGroup section */
		587E0E8B164C40FC0000229A /* InfoPlist.strings */ = {
			isa = PBXVariantGroup;
			children = (
				587E0E8C164C40FC0000229A /* en */,
			);
			name = InfoPlist.strings;
			sourceTree = "<group>";
		};
/* End PBXVariantGroup section */

/* Begin XCBuildConfiguration section */
		587E0E94164C40FC0000229A /* Debug */ = {
			isa = XCBuildConfiguration;
			buildSettings = {
				ALWAYS_SEARCH_USER_PATHS = NO;
				ARCHS = "$(ARCHS_STANDARD_32_BIT)";
				CLANG_ENABLE_OBJC_ARC = YES;
				"CODE_SIGN_IDENTITY[sdk=iphoneos*]" = "iPhone Developer";
				COPY_PHASE_STRIP = NO;
				GCC_C_LANGUAGE_STANDARD = gnu99;
				GCC_DYNAMIC_NO_PIC = NO;
				GCC_OPTIMIZATION_LEVEL = 0;
				GCC_PREPROCESSOR_DEFINITIONS = (
					"DEBUG=1",
					"$(inherited)",
				);
				GCC_SYMBOLS_PRIVATE_EXTERN = NO;
				GCC_VERSION = com.apple.compilers.llvm.clang.1_0;
				GCC_WARN_ABOUT_RETURN_TYPE = YES;
				GCC_WARN_UNINITIALIZED_AUTOS = YES;
				GCC_WARN_UNUSED_VARIABLE = YES;
				IPHONEOS_DEPLOYMENT_TARGET = 5.1;
				SDKROOT = iphoneos;
				TARGETED_DEVICE_FAMILY = "1,2";
			};
			name = Debug;
		};
		587E0E95164C40FC0000229A /* Release */ = {
			isa = XCBuildConfiguration;
			buildSettings = {
				ALWAYS_SEARCH_USER_PATHS = NO;
				ARCHS = "$(ARCHS_STANDARD_32_BIT)";
				CLANG_ENABLE_OBJC_ARC = YES;
				"CODE_SIGN_IDENTITY[sdk=iphoneos*]" = "iPhone Developer";
				COPY_PHASE_STRIP = YES;
				GCC_C_LANGUAGE_STANDARD = gnu99;
				GCC_VERSION = com.apple.compilers.llvm.clang.1_0;
				GCC_WARN_ABOUT_RETURN_TYPE = YES;
				GCC_WARN_UNINITIALIZED_AUTOS = YES;
				GCC_WARN_UNUSED_VARIABLE = YES;
				IPHONEOS_DEPLOYMENT_TARGET = 5.1;
				OTHER_CFLAGS = "-DNS_BLOCK_ASSERTIONS=1";
				SDKROOT = iphoneos;
				TARGETED_DEVICE_FAMILY = "1,2";
				VALIDATE_PRODUCT = YES;
			};
			name = Release;
		};
		587E0E97164C40FC0000229A /* Debug */ = {
			isa = XCBuildConfiguration;
			buildSettings = {
				GCC_PRECOMPILE_PREFIX_HEADER = YES;
				GCC_PREFIX_HEADER = "BigShotsGetShots/BigShotsGetShots-Prefix.pch";
				INFOPLIST_FILE = "BigShotsGetShots/BigShotsGetShots-Info.plist";
				PRODUCT_NAME = "$(TARGET_NAME)";
				WRAPPER_EXTENSION = app;
			};
			name = Debug;
		};
		587E0E98164C40FC0000229A /* Release */ = {
			isa = XCBuildConfiguration;
			buildSettings = {
				GCC_PRECOMPILE_PREFIX_HEADER = YES;
				GCC_PREFIX_HEADER = "BigShotsGetShots/BigShotsGetShots-Prefix.pch";
				INFOPLIST_FILE = "BigShotsGetShots/BigShotsGetShots-Info.plist";
				PRODUCT_NAME = "$(TARGET_NAME)";
				WRAPPER_EXTENSION = app;
			};
			name = Release;
		};
/* End XCBuildConfiguration section */

/* Begin XCConfigurationList section */
		587E0E78164C40FB0000229A /* Build configuration list for PBXProject "BigShotsGetShots" */ = {
			isa = XCConfigurationList;
			buildConfigurations = (
				587E0E94164C40FC0000229A /* Debug */,
				587E0E95164C40FC0000229A /* Release */,
			);
			defaultConfigurationIsVisible = 0;
			defaultConfigurationName = Release;
		};
		587E0E96164C40FC0000229A /* Build configuration list for PBXNativeTarget "BigShotsGetShots" */ = {
			isa = XCConfigurationList;
			buildConfigurations = (
				587E0E97164C40FC0000229A /* Debug */,
				587E0E98164C40FC0000229A /* Release */,
			);
			defaultConfigurationIsVisible = 0;
		};
/* End XCConfigurationList section */
	};
	rootObject = 587E0E75164C40FB0000229A /* Project object */;
}
